// !$*UTF8*$!
{
	archiveVersion = 1;
	classes = {
	};
	objectVersion = 56;
	objects = {

/* Begin PBXBuildFile section */
		8D752D922BB9F56D005E8752 /* RectanglesView.swift in Sources */ = {isa = PBXBuildFile; fileRef = 8D752D912BB9F56D005E8752 /* RectanglesView.swift */; };
		B90EAFA92BB8660600A38AA0 /* BallView.swift in Sources */ = {isa = PBXBuildFile; fileRef = B90EAFA82BB8660600A38AA0 /* BallView.swift */; };
		B992364F2BB84D28005FD1B0 /* AppDelegate.swift in Sources */ = {isa = PBXBuildFile; fileRef = B992364E2BB84D28005FD1B0 /* AppDelegate.swift */; };
		B99236512BB84D28005FD1B0 /* SceneDelegate.swift in Sources */ = {isa = PBXBuildFile; fileRef = B99236502BB84D28005FD1B0 /* SceneDelegate.swift */; };
		B99236532BB84D28005FD1B0 /* MotionViewController.swift in Sources */ = {isa = PBXBuildFile; fileRef = B99236522BB84D28005FD1B0 /* MotionViewController.swift */; };
		B99236562BB84D28005FD1B0 /* Main.storyboard in Resources */ = {isa = PBXBuildFile; fileRef = B99236542BB84D28005FD1B0 /* Main.storyboard */; };
		B99236582BB84D2C005FD1B0 /* Assets.xcassets in Resources */ = {isa = PBXBuildFile; fileRef = B99236572BB84D2C005FD1B0 /* Assets.xcassets */; };
		B992365B2BB84D2C005FD1B0 /* LaunchScreen.storyboard in Resources */ = {isa = PBXBuildFile; fileRef = B99236592BB84D2C005FD1B0 /* LaunchScreen.storyboard */; };
		B9D53C2E2BB9E8FF008A733A /* BallViewController.swift in Sources */ = {isa = PBXBuildFile; fileRef = B9D53C2D2BB9E8FF008A733A /* BallViewController.swift */; };
/* End PBXBuildFile section */

/* Begin PBXFileReference section */
		8D752D912BB9F56D005E8752 /* RectanglesView.swift */ = {isa = PBXFileReference; lastKnownFileType = sourcecode.swift; path = RectanglesView.swift; sourceTree = "<group>"; };
		B90EAFA82BB8660600A38AA0 /* BallView.swift */ = {isa = PBXFileReference; lastKnownFileType = sourcecode.swift; path = BallView.swift; sourceTree = "<group>"; };
		B992364B2BB84D28005FD1B0 /* TouchAndMotion.app */ = {isa = PBXFileReference; explicitFileType = wrapper.application; includeInIndex = 0; path = TouchAndMotion.app; sourceTree = BUILT_PRODUCTS_DIR; };
		B992364E2BB84D28005FD1B0 /* AppDelegate.swift */ = {isa = PBXFileReference; lastKnownFileType = sourcecode.swift; path = AppDelegate.swift; sourceTree = "<group>"; };
		B99236502BB84D28005FD1B0 /* SceneDelegate.swift */ = {isa = PBXFileReference; lastKnownFileType = sourcecode.swift; path = SceneDelegate.swift; sourceTree = "<group>"; };
		B99236522BB84D28005FD1B0 /* MotionViewController.swift */ = {isa = PBXFileReference; lastKnownFileType = sourcecode.swift; path = MotionViewController.swift; sourceTree = "<group>"; };
		B99236552BB84D28005FD1B0 /* Base */ = {isa = PBXFileReference; lastKnownFileType = file.storyboard; name = Base; path = Base.lproj/Main.storyboard; sourceTree = "<group>"; };
		B99236572BB84D2C005FD1B0 /* Assets.xcassets */ = {isa = PBXFileReference; lastKnownFileType = folder.assetcatalog; path = Assets.xcassets; sourceTree = "<group>"; };
		B992365A2BB84D2C005FD1B0 /* Base */ = {isa = PBXFileReference; lastKnownFileType = file.storyboard; name = Base; path = Base.lproj/LaunchScreen.storyboard; sourceTree = "<group>"; };
		B992365C2BB84D2C005FD1B0 /* Info.plist */ = {isa = PBXFileReference; lastKnownFileType = text.plist.xml; path = Info.plist; sourceTree = "<group>"; };
		B9D53C2D2BB9E8FF008A733A /* BallViewController.swift */ = {isa = PBXFileReference; lastKnownFileType = sourcecode.swift; path = BallViewController.swift; sourceTree = "<group>"; };
/* End PBXFileReference section */

/* Begin PBXFrameworksBuildPhase section */
		B99236482BB84D28005FD1B0 /* Frameworks */ = {
			isa = PBXFrameworksBuildPhase;
			buildActionMask = 2147483647;
			files = (
			);
			runOnlyForDeploymentPostprocessing = 0;
		};
/* End PBXFrameworksBuildPhase section */

/* Begin PBXGroup section */
		B99236422BB84D28005FD1B0 = {
			isa = PBXGroup;
			children = (
				B992364D2BB84D28005FD1B0 /* TouchAndMotion */,
				B992364C2BB84D28005FD1B0 /* Products */,
			);
			sourceTree = "<group>";
		};
		B992364C2BB84D28005FD1B0 /* Products */ = {
			isa = PBXGroup;
			children = (
				B992364B2BB84D28005FD1B0 /* TouchAndMotion.app */,
			);
			name = Products;
			sourceTree = "<group>";
		};
		B992364D2BB84D28005FD1B0 /* TouchAndMotion */ = {
			isa = PBXGroup;
			children = (
				B992364E2BB84D28005FD1B0 /* AppDelegate.swift */,
				B99236502BB84D28005FD1B0 /* SceneDelegate.swift */,
				B99236522BB84D28005FD1B0 /* MotionViewController.swift */,
				8D752D912BB9F56D005E8752 /* RectanglesView.swift */,
				B90EAFA82BB8660600A38AA0 /* BallView.swift */,
				B9D53C2D2BB9E8FF008A733A /* BallViewController.swift */,
				B99236542BB84D28005FD1B0 /* Main.storyboard */,
				B99236572BB84D2C005FD1B0 /* Assets.xcassets */,
				B99236592BB84D2C005FD1B0 /* LaunchScreen.storyboard */,
				B992365C2BB84D2C005FD1B0 /* Info.plist */,
			);
			path = TouchAndMotion;
			sourceTree = "<group>";
		};
/* End PBXGroup section */

/* Begin PBXNativeTarget section */
		B992364A2BB84D28005FD1B0 /* TouchAndMotion */ = {
			isa = PBXNativeTarget;
			buildConfigurationList = B992365F2BB84D2C005FD1B0 /* Build configuration list for PBXNativeTarget "TouchAndMotion" */;
			buildPhases = (
				B99236472BB84D28005FD1B0 /* Sources */,
				B99236482BB84D28005FD1B0 /* Frameworks */,
				B99236492BB84D28005FD1B0 /* Resources */,
			);
			buildRules = (
			);
			dependencies = (
			);
			name = TouchAndMotion;
			productName = TouchAndMotion;
			productReference = B992364B2BB84D28005FD1B0 /* TouchAndMotion.app */;
			productType = "com.apple.product-type.application";
		};
/* End PBXNativeTarget section */

/* Begin PBXProject section */
		B99236432BB84D28005FD1B0 /* Project object */ = {
			isa = PBXProject;
			attributes = {
				BuildIndependentTargetsInParallel = 1;
				LastSwiftUpdateCheck = 1520;
				LastUpgradeCheck = 1520;
				TargetAttributes = {
					B992364A2BB84D28005FD1B0 = {
						CreatedOnToolsVersion = 15.2;
					};
				};
			};
			buildConfigurationList = B99236462BB84D28005FD1B0 /* Build configuration list for PBXProject "TouchAndMotion" */;
			compatibilityVersion = "Xcode 14.0";
			developmentRegion = en;
			hasScannedForEncodings = 0;
			knownRegions = (
				en,
				Base,
			);
			mainGroup = B99236422BB84D28005FD1B0;
			productRefGroup = B992364C2BB84D28005FD1B0 /* Products */;
			projectDirPath = "";
			projectRoot = "";
			targets = (
				B992364A2BB84D28005FD1B0 /* TouchAndMotion */,
			);
		};
/* End PBXProject section */

/* Begin PBXResourcesBuildPhase section */
		B99236492BB84D28005FD1B0 /* Resources */ = {
			isa = PBXResourcesBuildPhase;
			buildActionMask = 2147483647;
			files = (
				B992365B2BB84D2C005FD1B0 /* LaunchScreen.storyboard in Resources */,
				B99236582BB84D2C005FD1B0 /* Assets.xcassets in Resources */,
				B99236562BB84D28005FD1B0 /* Main.storyboard in Resources */,
			);
			runOnlyForDeploymentPostprocessing = 0;
		};
/* End PBXResourcesBuildPhase section */

/* Begin PBXSourcesBuildPhase section */
		B99236472BB84D28005FD1B0 /* Sources */ = {
			isa = PBXSourcesBuildPhase;
			buildActionMask = 2147483647;
			files = (
				8D752D922BB9F56D005E8752 /* RectanglesView.swift in Sources */,
				B99236532BB84D28005FD1B0 /* MotionViewController.swift in Sources */,
				B992364F2BB84D28005FD1B0 /* AppDelegate.swift in Sources */,
				B99236512BB84D28005FD1B0 /* SceneDelegate.swift in Sources */,
				B90EAFA92BB8660600A38AA0 /* BallView.swift in Sources */,
				B9D53C2E2BB9E8FF008A733A /* BallViewController.swift in Sources */,
			);
			runOnlyForDeploymentPostprocessing = 0;
		};
/* End PBXSourcesBuildPhase section */

/* Begin PBXVariantGroup section */
		B99236542BB84D28005FD1B0 /* Main.storyboard */ = {
			isa = PBXVariantGroup;
			children = (
				B99236552BB84D28005FD1B0 /* Base */,
			);
			name = Main.storyboard;
			sourceTree = "<group>";
		};
		B99236592BB84D2C005FD1B0 /* LaunchScreen.storyboard */ = {
			isa = PBXVariantGroup;
			children = (
				B992365A2BB84D2C005FD1B0 /* Base */,
			);
			name = LaunchScreen.storyboard;
			sourceTree = "<group>";
		};
/* End PBXVariantGroup section */

/* Begin XCBuildConfiguration section */
		B992365D2BB84D2C005FD1B0 /* Debug */ = {
			isa = XCBuildConfiguration;
			buildSettings = {
				ALWAYS_SEARCH_USER_PATHS = NO;
				ASSETCATALOG_COMPILER_GENERATE_SWIFT_ASSET_SYMBOL_EXTENSIONS = YES;
				CLANG_ANALYZER_NONNULL = YES;
				CLANG_ANALYZER_NUMBER_OBJECT_CONVERSION = YES_AGGRESSIVE;
				CLANG_CXX_LANGUAGE_STANDARD = "gnu++20";
				CLANG_ENABLE_MODULES = YES;
				CLANG_ENABLE_OBJC_ARC = YES;
				CLANG_ENABLE_OBJC_WEAK = YES;
				CLANG_WARN_BLOCK_CAPTURE_AUTORELEASING = YES;
				CLANG_WARN_BOOL_CONVERSION = YES;
				CLANG_WARN_COMMA = YES;
				CLANG_WARN_CONSTANT_CONVERSION = YES;
				CLANG_WARN_DEPRECATED_OBJC_IMPLEMENTATIONS = YES;
				CLANG_WARN_DIRECT_OBJC_ISA_USAGE = YES_ERROR;
				CLANG_WARN_DOCUMENTATION_COMMENTS = YES;
				CLANG_WARN_EMPTY_BODY = YES;
				CLANG_WARN_ENUM_CONVERSION = YES;
				CLANG_WARN_INFINITE_RECURSION = YES;
				CLANG_WARN_INT_CONVERSION = YES;
				CLANG_WARN_NON_LITERAL_NULL_CONVERSION = YES;
				CLANG_WARN_OBJC_IMPLICIT_RETAIN_SELF = YES;
				CLANG_WARN_OBJC_LITERAL_CONVERSION = YES;
				CLANG_WARN_OBJC_ROOT_CLASS = YES_ERROR;
				CLANG_WARN_QUOTED_INCLUDE_IN_FRAMEWORK_HEADER = YES;
				CLANG_WARN_RANGE_LOOP_ANALYSIS = YES;
				CLANG_WARN_STRICT_PROTOTYPES = YES;
				CLANG_WARN_SUSPICIOUS_MOVE = YES;
				CLANG_WARN_UNGUARDED_AVAILABILITY = YES_AGGRESSIVE;
				CLANG_WARN_UNREACHABLE_CODE = YES;
				CLANG_WARN__DUPLICATE_METHOD_MATCH = YES;
				COPY_PHASE_STRIP = NO;
				DEBUG_INFORMATION_FORMAT = dwarf;
				ENABLE_STRICT_OBJC_MSGSEND = YES;
				ENABLE_TESTABILITY = YES;
				ENABLE_USER_SCRIPT_SANDBOXING = YES;
				GCC_C_LANGUAGE_STANDARD = gnu17;
				GCC_DYNAMIC_NO_PIC = NO;
				GCC_NO_COMMON_BLOCKS = YES;
				GCC_OPTIMIZATION_LEVEL = 0;
				GCC_PREPROCESSOR_DEFINITIONS = (
					"DEBUG=1",
					"$(inherited)",
				);
				GCC_WARN_64_TO_32_BIT_CONVERSION = YES;
				GCC_WARN_ABOUT_RETURN_TYPE = YES_ERROR;
				GCC_WARN_UNDECLARED_SELECTOR = YES;
				GCC_WARN_UNINITIALIZED_AUTOS = YES_AGGRESSIVE;
				GCC_WARN_UNUSED_FUNCTION = YES;
				GCC_WARN_UNUSED_VARIABLE = YES;
				IPHONEOS_DEPLOYMENT_TARGET = 17.2;
				LOCALIZATION_PREFERS_STRING_CATALOGS = YES;
				MTL_ENABLE_DEBUG_INFO = INCLUDE_SOURCE;
				MTL_FAST_MATH = YES;
				ONLY_ACTIVE_ARCH = YES;
				SDKROOT = iphoneos;
				SWIFT_ACTIVE_COMPILATION_CONDITIONS = "DEBUG $(inherited)";
				SWIFT_OPTIMIZATION_LEVEL = "-Onone";
			};
			name = Debug;
		};
		B992365E2BB84D2C005FD1B0 /* Release */ = {
			isa = XCBuildConfiguration;
			buildSettings = {
				ALWAYS_SEARCH_USER_PATHS = NO;
				ASSETCATALOG_COMPILER_GENERATE_SWIFT_ASSET_SYMBOL_EXTENSIONS = YES;
				CLANG_ANALYZER_NONNULL = YES;
				CLANG_ANALYZER_NUMBER_OBJECT_CONVERSION = YES_AGGRESSIVE;
				CLANG_CXX_LANGUAGE_STANDARD = "gnu++20";
				CLANG_ENABLE_MODULES = YES;
				CLANG_ENABLE_OBJC_ARC = YES;
				CLANG_ENABLE_OBJC_WEAK = YES;
				CLANG_WARN_BLOCK_CAPTURE_AUTORELEASING = YES;
				CLANG_WARN_BOOL_CONVERSION = YES;
				CLANG_WARN_COMMA = YES;
				CLANG_WARN_CONSTANT_CONVERSION = YES;
				CLANG_WARN_DEPRECATED_OBJC_IMPLEMENTATIONS = YES;
				CLANG_WARN_DIRECT_OBJC_ISA_USAGE = YES_ERROR;
				CLANG_WARN_DOCUMENTATION_COMMENTS = YES;
				CLANG_WARN_EMPTY_BODY = YES;
				CLANG_WARN_ENUM_CONVERSION = YES;
				CLANG_WARN_INFINITE_RECURSION = YES;
				CLANG_WARN_INT_CONVERSION = YES;
				CLANG_WARN_NON_LITERAL_NULL_CONVERSION = YES;
				CLANG_WARN_OBJC_IMPLICIT_RETAIN_SELF = YES;
				CLANG_WARN_OBJC_LITERAL_CONVERSION = YES;
				CLANG_WARN_OBJC_ROOT_CLASS = YES_ERROR;
				CLANG_WARN_QUOTED_INCLUDE_IN_FRAMEWORK_HEADER = YES;
				CLANG_WARN_RANGE_LOOP_ANALYSIS = YES;
				CLANG_WARN_STRICT_PROTOTYPES = YES;
				CLANG_WARN_SUSPICIOUS_MOVE = YES;
				CLANG_WARN_UNGUARDED_AVAILABILITY = YES_AGGRESSIVE;
				CLANG_WARN_UNREACHABLE_CODE = YES;
				CLANG_WARN__DUPLICATE_METHOD_MATCH = YES;
				COPY_PHASE_STRIP = NO;
				DEBUG_INFORMATION_FORMAT = "dwarf-with-dsym";
				ENABLE_NS_ASSERTIONS = NO;
				ENABLE_STRICT_OBJC_MSGSEND = YES;
				ENABLE_USER_SCRIPT_SANDBOXING = YES;
				GCC_C_LANGUAGE_STANDARD = gnu17;
				GCC_NO_COMMON_BLOCKS = YES;
				GCC_WARN_64_TO_32_BIT_CONVERSION = YES;
				GCC_WARN_ABOUT_RETURN_TYPE = YES_ERROR;
				GCC_WARN_UNDECLARED_SELECTOR = YES;
				GCC_WARN_UNINITIALIZED_AUTOS = YES_AGGRESSIVE;
				GCC_WARN_UNUSED_FUNCTION = YES;
				GCC_WARN_UNUSED_VARIABLE = YES;
				IPHONEOS_DEPLOYMENT_TARGET = 17.2;
				LOCALIZATION_PREFERS_STRING_CATALOGS = YES;
				MTL_ENABLE_DEBUG_INFO = NO;
				MTL_FAST_MATH = YES;
				SDKROOT = iphoneos;
				SWIFT_COMPILATION_MODE = wholemodule;
				VALIDATE_PRODUCT = YES;
			};
			name = Release;
		};
		B99236602BB84D2C005FD1B0 /* Debug */ = {
			isa = XCBuildConfiguration;
			buildSettings = {
				ASSETCATALOG_COMPILER_APPICON_NAME = AppIcon;
				ASSETCATALOG_COMPILER_GLOBAL_ACCENT_COLOR_NAME = AccentColor;
				CODE_SIGN_STYLE = Automatic;
				CURRENT_PROJECT_VERSION = 1;
				DEVELOPMENT_TEAM = PFY7J3NY2C;
				GENERATE_INFOPLIST_FILE = YES;
				INFOPLIST_FILE = TouchAndMotion/Info.plist;
				INFOPLIST_KEY_UIApplicationSupportsIndirectInputEvents = YES;
				INFOPLIST_KEY_UILaunchStoryboardName = LaunchScreen;
				INFOPLIST_KEY_UIMainStoryboardFile = Main;
				INFOPLIST_KEY_UISupportedInterfaceOrientations_iPad = "UIInterfaceOrientationPortrait UIInterfaceOrientationPortraitUpsideDown UIInterfaceOrientationLandscapeLeft UIInterfaceOrientationLandscapeRight";
				INFOPLIST_KEY_UISupportedInterfaceOrientations_iPhone = "UIInterfaceOrientationPortrait UIInterfaceOrientationLandscapeLeft UIInterfaceOrientationLandscapeRight";
				LD_RUNPATH_SEARCH_PATHS = (
					"$(inherited)",
					"@executable_path/Frameworks",
				);
				MARKETING_VERSION = 1.0;
				PRODUCT_BUNDLE_IDENTIFIER = "edu.indiana.cs.c323-camfraiz.TouchAndMotion";
				PRODUCT_NAME = "$(TARGET_NAME)";
				SWIFT_EMIT_LOC_STRINGS = YES;
				SWIFT_VERSION = 5.0;
				TARGETED_DEVICE_FAMILY = "1,2";
			};
			name = Debug;
		};
		B99236612BB84D2C005FD1B0 /* Release */ = {
			isa = XCBuildConfiguration;
			buildSettings = {
				ASSETCATALOG_COMPILER_APPICON_NAME = AppIcon;
				ASSETCATALOG_COMPILER_GLOBAL_ACCENT_COLOR_NAME = AccentColor;
				CODE_SIGN_STYLE = Automatic;
				CURRENT_PROJECT_VERSION = 1;
				DEVELOPMENT_TEAM = PFY7J3NY2C;
				GENERATE_INFOPLIST_FILE = YES;
				INFOPLIST_FILE = TouchAndMotion/Info.plist;
				INFOPLIST_KEY_UIApplicationSupportsIndirectInputEvents = YES;
				INFOPLIST_KEY_UILaunchStoryboardName = LaunchScreen;
				INFOPLIST_KEY_UIMainStoryboardFile = Main;
				INFOPLIST_KEY_UISupportedInterfaceOrientations_iPad = "UIInterfaceOrientationPortrait UIInterfaceOrientationPortraitUpsideDown UIInterfaceOrientationLandscapeLeft UIInterfaceOrientationLandscapeRight";
				INFOPLIST_KEY_UISupportedInterfaceOrientations_iPhone = "UIInterfaceOrientationPortrait UIInterfaceOrientationLandscapeLeft UIInterfaceOrientationLandscapeRight";
				LD_RUNPATH_SEARCH_PATHS = (
					"$(inherited)",
					"@executable_path/Frameworks",
				);
				MARKETING_VERSION = 1.0;
				PRODUCT_BUNDLE_IDENTIFIER = "edu.indiana.cs.c323-camfraiz.TouchAndMotion";
				PRODUCT_NAME = "$(TARGET_NAME)";
				SWIFT_EMIT_LOC_STRINGS = YES;
				SWIFT_VERSION = 5.0;
				TARGETED_DEVICE_FAMILY = "1,2";
			};
			name = Release;
		};
/* End XCBuildConfiguration section */

/* Begin XCConfigurationList section */
		B99236462BB84D28005FD1B0 /* Build configuration list for PBXProject "TouchAndMotion" */ = {
			isa = XCConfigurationList;
			buildConfigurations = (
				B992365D2BB84D2C005FD1B0 /* Debug */,
				B992365E2BB84D2C005FD1B0 /* Release */,
			);
			defaultConfigurationIsVisible = 0;
			defaultConfigurationName = Release;
		};
		B992365F2BB84D2C005FD1B0 /* Build configuration list for PBXNativeTarget "TouchAndMotion" */ = {
			isa = XCConfigurationList;
			buildConfigurations = (
				B99236602BB84D2C005FD1B0 /* Debug */,
				B99236612BB84D2C005FD1B0 /* Release */,
			);
			defaultConfigurationIsVisible = 0;
			defaultConfigurationName = Release;
		};
/* End XCConfigurationList section */
	};
	rootObject = B99236432BB84D28005FD1B0 /* Project object */;
}
